Microsoft Visual Studio Solution File, Format Version 12.00
# Visual Studio Version 17
VisualStudioVersion = 17.5.2.0
MinimumVisualStudioVersion = 10.0.40219.1
Project("{FAE04EC0-301F-11D3-BF4B-00C04F79EFBC}") = "GodDance", "GodDance.csproj", "{B3439E72-734B-4078-B670-78300A815880}"
EndProject
Global
	GlobalSection(SolutionConfigurationPlatforms) = preSolution
		Debug|Any CPU = Debug|Any CPU
		Release|Any CPU = Release|Any CPU
	EndGlobalSection
	GlobalSection(ProjectConfigurationPlatforms) = postSolution
		{B3439E72-734B-4078-B670-78300A815880}.Debug|Any CPU.ActiveCfg = Debug|Any CPU
		{B3439E72-734B-4078-B670-78300A815880}.Debug|Any CPU.Build.0 = Debug|Any CPU
		{B3439E72-734B-4078-B670-78300A815880}.Release|Any CPU.ActiveCfg = Release|Any CPU
		{B3439E72-734B-4078-B670-78300A815880}.Release|Any CPU.Build.0 = Release|Any CPU
	EndGlobalSection
	GlobalSection(SolutionProperties) = preSolution
		HideSolutionNode = FALSE
	EndGlobalSection
	GlobalSection(ExtensibilityGlobals) = postSolution
		SolutionGuid = {E0E2EAA4-1E06-4B07-AA5D-3EAF34FA8E7B}
	EndGlobalSection
EndGlobal
